{
  "version": 4,
  "terraform_version": "1.7.5",
  "serial": 29,
  "lineage": "68ed3d30-ea5b-bb36-99a7-8267d7c87eb6",
  "outputs": {
    "gcci_agency_law": {
      "value": {
        "id": "/subscriptions/0b5b13b8-0ad7-4552-936f-8fae87e0633f/resourceGroups/gcci-agency-law",
        "location": "southeastasia",
        "managed_by": "",
        "name": "gcci-agency-law",
        "tags": null,
        "timeouts": null
      },
      "type": [
        "object",
        {
          "id": "string",
          "location": "string",
          "managed_by": "string",
          "name": "string",
          "tags": [
            "map",
            "string"
          ],
          "timeouts": [
            "object",
            {
              "create": "string",
              "delete": "string",
              "read": "string",
              "update": "string"
            }
          ]
        }
      ]
    },
    "gcci_agency_workspace": {
      "value": {
        "id": "/subscriptions/0b5b13b8-0ad7-4552-936f-8fae87e0633f/resourceGroups/gcci-agency-law/providers/Microsoft.OperationalInsights/workspaces/gcci-agency-workspace",
        "name": "gcci-agency-workspace"
      },
      "type": [
        "object",
        {
          "id": "string",
          "name": "string"
        }
      ]
    },
    "gcci_platform": {
      "value": {
        "id": "/subscriptions/0b5b13b8-0ad7-4552-936f-8fae87e0633f/resourceGroups/gcci-platform",
        "location": "southeastasia",
        "managed_by": "",
        "name": "gcci-platform",
        "tags": null,
        "timeouts": null
      },
      "type": [
        "object",
        {
          "id": "string",
          "location": "string",
          "managed_by": "string",
          "name": "string",
          "tags": [
            "map",
            "string"
          ],
          "timeouts": [
            "object",
            {
              "create": "string",
              "delete": "string",
              "read": "string",
              "update": "string"
            }
          ]
        }
      ]
    },
    "hub_internet_egress": {
      "value": {
        "address_space": [
          "100.127.1.0/24"
        ],
        "bgp_community": "",
        "ddos_protection_plan": [],
        "dns_servers": [],
        "edge_zone": "",
        "encryption": [],
        "flow_timeout_in_minutes": 0,
        "guid": "006c10a1-8c67-48cd-860e-c644ec12f3e6",
        "id": "/subscriptions/0b5b13b8-0ad7-4552-936f-8fae87e0633f/resourceGroups/gcci-platform/providers/Microsoft.Network/virtualNetworks/gcci-vnet-egress-internet",
        "location": "southeastasia",
        "name": "gcci-vnet-egress-internet",
        "resource_group_name": "gcci-platform",
        "subnet": [],
        "tags": null,
        "timeouts": null
      },
      "type": [
        "object",
        {
          "address_space": [
            "list",
            "string"
          ],
          "bgp_community": "string",
          "ddos_protection_plan": [
            "list",
            [
              "object",
              {
                "enable": "bool",
                "id": "string"
              }
            ]
          ],
          "dns_servers": [
            "list",
            "string"
          ],
          "edge_zone": "string",
          "encryption": [
            "list",
            [
              "object",
              {
                "enforcement": "string"
              }
            ]
          ],
          "flow_timeout_in_minutes": "number",
          "guid": "string",
          "id": "string",
          "location": "string",
          "name": "string",
          "resource_group_name": "string",
          "subnet": [
            "set",
            [
              "object",
              {
                "address_prefix": "string",
                "id": "string",
                "name": "string",
                "security_group": "string"
              }
            ]
          ],
          "tags": [
            "map",
            "string"
          ],
          "timeouts": [
            "object",
            {
              "create": "string",
              "delete": "string",
              "read": "string",
              "update": "string"
            }
          ]
        }
      ]
    },
    "hub_internet_ingress": {
      "value": {
        "address_space": [
          "100.127.0.0/24"
        ],
        "bgp_community": "",
        "ddos_protection_plan": [],
        "dns_servers": [],
        "edge_zone": "",
        "encryption": [],
        "flow_timeout_in_minutes": 0,
        "guid": "d9adbed2-8086-49b9-8d9b-865429106739",
        "id": "/subscriptions/0b5b13b8-0ad7-4552-936f-8fae87e0633f/resourceGroups/gcci-platform/providers/Microsoft.Network/virtualNetworks/gcci-vnet-ingress-internet",
        "location": "southeastasia",
        "name": "gcci-vnet-ingress-internet",
        "resource_group_name": "gcci-platform",
        "subnet": [],
        "tags": null,
        "timeouts": null
      },
      "type": [
        "object",
        {
          "address_space": [
            "list",
            "string"
          ],
          "bgp_community": "string",
          "ddos_protection_plan": [
            "list",
            [
              "object",
              {
                "enable": "bool",
                "id": "string"
              }
            ]
          ],
          "dns_servers": [
            "list",
            "string"
          ],
          "edge_zone": "string",
          "encryption": [
            "list",
            [
              "object",
              {
                "enforcement": "string"
              }
            ]
          ],
          "flow_timeout_in_minutes": "number",
          "guid": "string",
          "id": "string",
          "location": "string",
          "name": "string",
          "resource_group_name": "string",
          "subnet": [
            "set",
            [
              "object",
              {
                "address_prefix": "string",
                "id": "string",
                "name": "string",
                "security_group": "string"
              }
            ]
          ],
          "tags": [
            "map",
            "string"
          ],
          "timeouts": [
            "object",
            {
              "create": "string",
              "delete": "string",
              "read": "string",
              "update": "string"
            }
          ]
        }
      ]
    },
    "hub_intranet_egress": {
      "value": {
        "address_space": [
          "10.20.1.0/25"
        ],
        "bgp_community": "",
        "ddos_protection_plan": [],
        "dns_servers": [],
        "edge_zone": "",
        "encryption": [],
        "flow_timeout_in_minutes": 0,
        "guid": "ed1a1495-30c8-47f3-ad48-a0ec2dac5c39",
        "id": "/subscriptions/0b5b13b8-0ad7-4552-936f-8fae87e0633f/resourceGroups/gcci-platform/providers/Microsoft.Network/virtualNetworks/gcci-vnet-egress-intranet",
        "location": "southeastasia",
        "name": "gcci-vnet-egress-intranet",
        "resource_group_name": "gcci-platform",
        "subnet": [],
        "tags": null,
        "timeouts": null
      },
      "type": [
        "object",
        {
          "address_space": [
            "list",
            "string"
          ],
          "bgp_community": "string",
          "ddos_protection_plan": [
            "list",
            [
              "object",
              {
                "enable": "bool",
                "id": "string"
              }
            ]
          ],
          "dns_servers": [
            "list",
            "string"
          ],
          "edge_zone": "string",
          "encryption": [
            "list",
            [
              "object",
              {
                "enforcement": "string"
              }
            ]
          ],
          "flow_timeout_in_minutes": "number",
          "guid": "string",
          "id": "string",
          "location": "string",
          "name": "string",
          "resource_group_name": "string",
          "subnet": [
            "set",
            [
              "object",
              {
                "address_prefix": "string",
                "id": "string",
                "name": "string",
                "security_group": "string"
              }
            ]
          ],
          "tags": [
            "map",
            "string"
          ],
          "timeouts": [
            "object",
            {
              "create": "string",
              "delete": "string",
              "read": "string",
              "update": "string"
            }
          ]
        }
      ]
    },
    "hub_intranet_ingress": {
      "value": {
        "address_space": [
          "10.20.0.0/25"
        ],
        "bgp_community": "",
        "ddos_protection_plan": [],
        "dns_servers": [],
        "edge_zone": "",
        "encryption": [],
        "flow_timeout_in_minutes": 0,
        "guid": "9845cecc-a2db-4ce8-990e-170ed64bad6c",
        "id": "/subscriptions/0b5b13b8-0ad7-4552-936f-8fae87e0633f/resourceGroups/gcci-platform/providers/Microsoft.Network/virtualNetworks/gcci-vnet-ingress-intranet",
        "location": "southeastasia",
        "name": "gcci-vnet-ingress-intranet",
        "resource_group_name": "gcci-platform",
        "subnet": [],
        "tags": null,
        "timeouts": null
      },
      "type": [
        "object",
        {
          "address_space": [
            "list",
            "string"
          ],
          "bgp_community": "string",
          "ddos_protection_plan": [
            "list",
            [
              "object",
              {
                "enable": "bool",
                "id": "string"
              }
            ]
          ],
          "dns_servers": [
            "list",
            "string"
          ],
          "edge_zone": "string",
          "encryption": [
            "list",
            [
              "object",
              {
                "enforcement": "string"
              }
            ]
          ],
          "flow_timeout_in_minutes": "number",
          "guid": "string",
          "id": "string",
          "location": "string",
          "name": "string",
          "resource_group_name": "string",
          "subnet": [
            "set",
            [
              "object",
              {
                "address_prefix": "string",
                "id": "string",
                "name": "string",
                "security_group": "string"
              }
            ]
          ],
          "tags": [
            "map",
            "string"
          ],
          "timeouts": [
            "object",
            {
              "create": "string",
              "delete": "string",
              "read": "string",
              "update": "string"
            }
          ]
        }
      ]
    },
    "spoke_devops": {
      "value": {
        "address_space": [
          "100.127.4.0/24"
        ],
        "bgp_community": "",
        "ddos_protection_plan": [],
        "dns_servers": [],
        "edge_zone": "",
        "encryption": [],
        "flow_timeout_in_minutes": 0,
        "guid": "33f20db3-8bc1-4f2b-933b-b648298f5690",
        "id": "/subscriptions/0b5b13b8-0ad7-4552-936f-8fae87e0633f/resourceGroups/gcci-platform/providers/Microsoft.Network/virtualNetworks/gcci-vnet-devops",
        "location": "southeastasia",
        "name": "gcci-vnet-devops",
        "resource_group_name": "gcci-platform",
        "subnet": [],
        "tags": null,
        "timeouts": null
      },
      "type": [
        "object",
        {
          "address_space": [
            "list",
            "string"
          ],
          "bgp_community": "string",
          "ddos_protection_plan": [
            "list",
            [
              "object",
              {
                "enable": "bool",
                "id": "string"
              }
            ]
          ],
          "dns_servers": [
            "list",
            "string"
          ],
          "edge_zone": "string",
          "encryption": [
            "list",
            [
              "object",
              {
                "enforcement": "string"
              }
            ]
          ],
          "flow_timeout_in_minutes": "number",
          "guid": "string",
          "id": "string",
          "location": "string",
          "name": "string",
          "resource_group_name": "string",
          "subnet": [
            "set",
            [
              "object",
              {
                "address_prefix": "string",
                "id": "string",
                "name": "string",
                "security_group": "string"
              }
            ]
          ],
          "tags": [
            "map",
            "string"
          ],
          "timeouts": [
            "object",
            {
              "create": "string",
              "delete": "string",
              "read": "string",
              "update": "string"
            }
          ]
        }
      ]
    },
    "spoke_management": {
      "value": {
        "address_space": [
          "100.127.3.0/24"
        ],
        "bgp_community": "",
        "ddos_protection_plan": [],
        "dns_servers": [],
        "edge_zone": "",
        "encryption": [],
        "flow_timeout_in_minutes": 0,
        "guid": "bae05818-bc51-43bd-aadb-9feac140ba29",
        "id": "/subscriptions/0b5b13b8-0ad7-4552-936f-8fae87e0633f/resourceGroups/gcci-platform/providers/Microsoft.Network/virtualNetworks/gcci-vnet-management",
        "location": "southeastasia",
        "name": "gcci-vnet-management",
        "resource_group_name": "gcci-platform",
        "subnet": [],
        "tags": null,
        "timeouts": null
      },
      "type": [
        "object",
        {
          "address_space": [
            "list",
            "string"
          ],
          "bgp_community": "string",
          "ddos_protection_plan": [
            "list",
            [
              "object",
              {
                "enable": "bool",
                "id": "string"
              }
            ]
          ],
          "dns_servers": [
            "list",
            "string"
          ],
          "edge_zone": "string",
          "encryption": [
            "list",
            [
              "object",
              {
                "enforcement": "string"
              }
            ]
          ],
          "flow_timeout_in_minutes": "number",
          "guid": "string",
          "id": "string",
          "location": "string",
          "name": "string",
          "resource_group_name": "string",
          "subnet": [
            "set",
            [
              "object",
              {
                "address_prefix": "string",
                "id": "string",
                "name": "string",
                "security_group": "string"
              }
            ]
          ],
          "tags": [
            "map",
            "string"
          ],
          "timeouts": [
            "object",
            {
              "create": "string",
              "delete": "string",
              "read": "string",
              "update": "string"
            }
          ]
        }
      ]
    },
    "spoke_project": {
      "value": {
        "address_space": [
          "100.64.0.0/23"
        ],
        "bgp_community": "",
        "ddos_protection_plan": [],
        "dns_servers": [],
        "edge_zone": "",
        "encryption": [],
        "flow_timeout_in_minutes": 0,
        "guid": "20770b55-95c7-45fa-80d5-8e6f2e2090fd",
        "id": "/subscriptions/0b5b13b8-0ad7-4552-936f-8fae87e0633f/resourceGroups/gcci-platform/providers/Microsoft.Network/virtualNetworks/gcci-vnet-project",
        "location": "southeastasia",
        "name": "gcci-vnet-project",
        "resource_group_name": "gcci-platform",
        "subnet": [],
        "tags": null,
        "timeouts": null
      },
      "type": [
        "object",
        {
          "address_space": [
            "list",
            "string"
          ],
          "bgp_community": "string",
          "ddos_protection_plan": [
            "list",
            [
              "object",
              {
                "enable": "bool",
                "id": "string"
              }
            ]
          ],
          "dns_servers": [
            "list",
            "string"
          ],
          "edge_zone": "string",
          "encryption": [
            "list",
            [
              "object",
              {
                "enforcement": "string"
              }
            ]
          ],
          "flow_timeout_in_minutes": "number",
          "guid": "string",
          "id": "string",
          "location": "string",
          "name": "string",
          "resource_group_name": "string",
          "subnet": [
            "set",
            [
              "object",
              {
                "address_prefix": "string",
                "id": "string",
                "name": "string",
                "security_group": "string"
              }
            ]
          ],
          "tags": [
            "map",
            "string"
          ],
          "timeouts": [
            "object",
            {
              "create": "string",
              "delete": "string",
              "read": "string",
              "update": "string"
            }
          ]
        }
      ]
    }
  },
  "resources": [
    {
      "mode": "data",
      "type": "azurerm_client_config",
      "name": "current",
      "provider": "provider[\"registry.terraform.io/hashicorp/azurerm\"]",
      "instances": [
        {
          "schema_version": 0,
          "attributes": {
            "client_id": "04b07795-8ddb-461a-bbee-02f9e1bf7b46",
            "id": "Y2xpZW50Q29uZmlncy9jbGllbnRJZD0wNGIwNzc5NS04ZGRiLTQ2MWEtYmJlZS0wMmY5ZTFiZjdiNDY7b2JqZWN0SWQ9OTJiYzI5MmUtMDdiYi00MjQ0LTkzYjctMWJlMzIyNzdhYWZmO3N1YnNjcmlwdGlvbklkPTBiNWIxM2I4LTBhZDctNDU1Mi05MzZmLThmYWU4N2UwNjMzZjt0ZW5hbnRJZD1hYzIwYWRkMS1mZmRhLTQ1YzEtYWRjNS0xNmEwZGIxNTgxMGY=",
            "object_id": "92bc292e-07bb-4244-93b7-1be32277aaff",
            "subscription_id": "0b5b13b8-0ad7-4552-936f-8fae87e0633f",
            "tenant_id": "ac20add1-ffda-45c1-adc5-16a0db15810f",
            "timeouts": null
          },
          "sensitive_attributes": []
        }
      ]
    },
    {
      "mode": "managed",
      "type": "azurerm_resource_group",
      "name": "gcci_agency_law",
      "provider": "provider[\"registry.terraform.io/hashicorp/azurerm\"]",
      "instances": [
        {
          "schema_version": 0,
          "attributes": {
            "id": "/subscriptions/0b5b13b8-0ad7-4552-936f-8fae87e0633f/resourceGroups/gcci-agency-law",
            "location": "southeastasia",
            "managed_by": "",
            "name": "gcci-agency-law",
            "tags": null,
            "timeouts": null
          },
          "sensitive_attributes": [],
          "private": "eyJlMmJmYjczMC1lY2FhLTExZTYtOGY4OC0zNDM2M2JjN2M0YzAiOnsiY3JlYXRlIjo1NDAwMDAwMDAwMDAwLCJkZWxldGUiOjU0MDAwMDAwMDAwMDAsInJlYWQiOjMwMDAwMDAwMDAwMCwidXBkYXRlIjo1NDAwMDAwMDAwMDAwfX0="
        }
      ]
    },
    {
      "mode": "managed",
      "type": "azurerm_resource_group",
      "name": "this",
      "provider": "provider[\"registry.terraform.io/hashicorp/azurerm\"]",
      "instances": [
        {
          "schema_version": 0,
          "attributes": {
            "id": "/subscriptions/0b5b13b8-0ad7-4552-936f-8fae87e0633f/resourceGroups/gcci-platform",
            "location": "southeastasia",
            "managed_by": "",
            "name": "gcci-platform",
            "tags": null,
            "timeouts": null
          },
          "sensitive_attributes": [],
          "private": "eyJlMmJmYjczMC1lY2FhLTExZTYtOGY4OC0zNDM2M2JjN2M0YzAiOnsiY3JlYXRlIjo1NDAwMDAwMDAwMDAwLCJkZWxldGUiOjU0MDAwMDAwMDAwMDAsInJlYWQiOjMwMDAwMDAwMDAwMCwidXBkYXRlIjo1NDAwMDAwMDAwMDAwfX0="
        }
      ]
    },
    {
      "mode": "managed",
      "type": "random_string",
      "name": "this",
      "provider": "provider[\"registry.terraform.io/hashicorp/random\"]",
      "instances": [
        {
          "schema_version": 2,
          "attributes": {
            "id": "8dr620",
            "keepers": null,
            "length": 6,
            "lower": true,
            "min_lower": 0,
            "min_numeric": 0,
            "min_special": 0,
            "min_upper": 0,
            "number": true,
            "numeric": true,
            "override_special": null,
            "result": "8dr620",
            "special": false,
            "upper": false
          },
          "sensitive_attributes": []
        }
      ]
    },
    {
      "module": "module.log_analytics_workspace",
      "mode": "managed",
      "type": "azurerm_log_analytics_solution",
      "name": "la_solution",
      "provider": "provider[\"registry.terraform.io/hashicorp/azurerm\"]",
      "instances": [
        {
          "index_key": "ContainerInsights",
          "schema_version": 1,
          "attributes": {
            "id": "/subscriptions/0b5b13b8-0ad7-4552-936f-8fae87e0633f/resourceGroups/gcci-agency-law/providers/Microsoft.OperationsManagement/solutions/ContainerInsights(gcci-agency-workspace)",
            "location": "southeastasia",
            "plan": [
              {
                "name": "ContainerInsights(gcci-agency-workspace)",
                "product": "OMSGallery/ContainerInsights",
                "promotion_code": "",
                "publisher": "Microsoft"
              }
            ],
            "resource_group_name": "gcci-agency-law",
            "solution_name": "ContainerInsights",
            "tags": null,
            "timeouts": null,
            "workspace_name": "gcci-agency-workspace",
            "workspace_resource_id": "/subscriptions/0b5b13b8-0ad7-4552-936f-8fae87e0633f/resourceGroups/gcci-agency-law/providers/Microsoft.OperationalInsights/workspaces/gcci-agency-workspace"
          },
          "sensitive_attributes": [],
          "private": "eyJlMmJmYjczMC1lY2FhLTExZTYtOGY4OC0zNDM2M2JjN2M0YzAiOnsiY3JlYXRlIjoxODAwMDAwMDAwMDAwLCJkZWxldGUiOjE4MDAwMDAwMDAwMDAsInJlYWQiOjMwMDAwMDAwMDAwMCwidXBkYXRlIjoxODAwMDAwMDAwMDAwfSwic2NoZW1hX3ZlcnNpb24iOiIxIn0=",
          "dependencies": [
            "azurerm_resource_group.gcci_agency_law",
            "module.log_analytics_workspace.azurerm_log_analytics_workspace.log_analytics_workspace"
          ]
        }
      ]
    },
    {
      "module": "module.log_analytics_workspace",
      "mode": "managed",
      "type": "azurerm_log_analytics_workspace",
      "name": "log_analytics_workspace",
      "provider": "provider[\"registry.terraform.io/hashicorp/azurerm\"]",
      "instances": [
        {
          "schema_version": 3,
          "attributes": {
            "allow_resource_only_permissions": true,
            "cmk_for_query_forced": false,
            "daily_quota_gb": -1,
            "data_collection_rule_id": "",
            "id": "/subscriptions/0b5b13b8-0ad7-4552-936f-8fae87e0633f/resourceGroups/gcci-agency-law/providers/Microsoft.OperationalInsights/workspaces/gcci-agency-workspace",
            "identity": [],
            "immediate_data_purge_on_30_days_enabled": false,
            "internet_ingestion_enabled": true,
            "internet_query_enabled": true,
            "local_authentication_disabled": false,
            "location": "southeastasia",
            "name": "gcci-agency-workspace",
            "primary_shared_key": "MZglzyDw8RLEbYo8wN6LXZHTCsRGuPjuE+lsoP6WwW8SAM4P5yP3AuFcFW/lt5jRTHzkgO2YZx8hrwK5XxOk/w==",
            "reservation_capacity_in_gb_per_day": null,
            "resource_group_name": "gcci-agency-law",
            "retention_in_days": 30,
            "secondary_shared_key": "NOr6CAm/cT3WFuOMrsWVucWvkwcjPjPdE8Edtpo+85wqy2yICrFCKGJn/PyL7zUtk0y/aZZCsGSJxdH8r9sEDw==",
            "sku": "PerGB2018",
            "tags": {
              "createdWith": "Terraform"
            },
            "timeouts": null,
            "workspace_id": "0fb10fd2-94a3-44a0-9c21-1de2f7b1e344"
          },
          "sensitive_attributes": [],
          "private": "eyJlMmJmYjczMC1lY2FhLTExZTYtOGY4OC0zNDM2M2JjN2M0YzAiOnsiY3JlYXRlIjoxODAwMDAwMDAwMDAwLCJkZWxldGUiOjE4MDAwMDAwMDAwMDAsInJlYWQiOjMwMDAwMDAwMDAwMCwidXBkYXRlIjoxODAwMDAwMDAwMDAwfSwic2NoZW1hX3ZlcnNpb24iOiIzIn0=",
          "dependencies": [
            "azurerm_resource_group.gcci_agency_law"
          ]
        }
      ]
    },
    {
      "module": "module.naming",
      "mode": "managed",
      "type": "random_string",
      "name": "first_letter",
      "provider": "provider[\"registry.terraform.io/hashicorp/random\"]",
      "instances": [
        {
          "schema_version": 2,
          "attributes": {
            "id": "y",
            "keepers": null,
            "length": 1,
            "lower": true,
            "min_lower": 0,
            "min_numeric": 0,
            "min_special": 0,
            "min_upper": 0,
            "number": false,
            "numeric": false,
            "override_special": null,
            "result": "y",
            "special": false,
            "upper": false
          },
          "sensitive_attributes": []
        }
      ]
    },
    {
      "module": "module.naming",
      "mode": "managed",
      "type": "random_string",
      "name": "main",
      "provider": "provider[\"registry.terraform.io/hashicorp/random\"]",
      "instances": [
        {
          "schema_version": 2,
          "attributes": {
            "id": "lhkgqxczajtagsdaxwrtzunsedphdgqvycuddnbldrrwgyawgkydkqvqlwkv",
            "keepers": null,
            "length": 60,
            "lower": true,
            "min_lower": 0,
            "min_numeric": 0,
            "min_special": 0,
            "min_upper": 0,
            "number": false,
            "numeric": false,
            "override_special": null,
            "result": "lhkgqxczajtagsdaxwrtzunsedphdgqvycuddnbldrrwgyawgkydkqvqlwkv",
            "special": false,
            "upper": false
          },
          "sensitive_attributes": []
        }
      ]
    },
    {
      "module": "module.virtualnetwork_devops",
      "mode": "managed",
      "type": "azurerm_resource_group_template_deployment",
      "name": "telemetry",
      "provider": "provider[\"registry.terraform.io/hashicorp/azurerm\"]",
      "instances": [
        {
          "index_key": 0,
          "schema_version": 0,
          "attributes": {
            "debug_level": "",
            "deployment_mode": "Incremental",
            "id": "/subscriptions/0b5b13b8-0ad7-4552-936f-8fae87e0633f/resourceGroups/gcci-platform/providers/Microsoft.Resources/deployments/46d3xgtf.res.CHANGEME.v0-0-1.598ee4da",
            "name": "46d3xgtf.res.CHANGEME.v0-0-1.598ee4da",
            "output_content": "{\"telemetry\":{\"type\":\"String\",\"value\":\"For more information, see https://aka.ms/avm/telemetry\"}}",
            "parameters_content": "{}",
            "resource_group_name": "gcci-platform",
            "tags": null,
            "template_content": "{\"$schema\":\"https://schema.management.azure.com/schemas/2019-04-01/deploymentTemplate.json#\",\"contentVersion\":\"1.0.0.0\",\"outputs\":{\"telemetry\":{\"type\":\"String\",\"value\":\"For more information, see https://aka.ms/avm/telemetry\"}},\"parameters\":{},\"resources\":[],\"variables\":{}}",
            "template_spec_version_id": "",
            "timeouts": null
          },
          "sensitive_attributes": [],
          "private": "eyJlMmJmYjczMC1lY2FhLTExZTYtOGY4OC0zNDM2M2JjN2M0YzAiOnsiY3JlYXRlIjoxMDgwMDAwMDAwMDAwMCwiZGVsZXRlIjoxMDgwMDAwMDAwMDAwMCwicmVhZCI6MzAwMDAwMDAwMDAwLCJ1cGRhdGUiOjEwODAwMDAwMDAwMDAwfX0=",
          "dependencies": [
            "azurerm_resource_group.this",
            "module.virtualnetwork_devops.random_id.telem"
          ]
        }
      ]
    },
    {
      "module": "module.virtualnetwork_devops",
      "mode": "managed",
      "type": "azurerm_virtual_network",
      "name": "vnet",
      "provider": "provider[\"registry.terraform.io/hashicorp/azurerm\"]",
      "instances": [
        {
          "schema_version": 0,
          "attributes": {
            "address_space": [
              "100.127.4.0/24"
            ],
            "bgp_community": "",
            "ddos_protection_plan": [],
            "dns_servers": [],
            "edge_zone": "",
            "encryption": [],
            "flow_timeout_in_minutes": 0,
            "guid": "33f20db3-8bc1-4f2b-933b-b648298f5690",
            "id": "/subscriptions/0b5b13b8-0ad7-4552-936f-8fae87e0633f/resourceGroups/gcci-platform/providers/Microsoft.Network/virtualNetworks/gcci-vnet-devops",
            "location": "southeastasia",
            "name": "gcci-vnet-devops",
            "resource_group_name": "gcci-platform",
            "subnet": [],
            "tags": null,
            "timeouts": null
          },
          "sensitive_attributes": [],
          "private": "eyJlMmJmYjczMC1lY2FhLTExZTYtOGY4OC0zNDM2M2JjN2M0YzAiOnsiY3JlYXRlIjoxODAwMDAwMDAwMDAwLCJkZWxldGUiOjE4MDAwMDAwMDAwMDAsInJlYWQiOjMwMDAwMDAwMDAwMCwidXBkYXRlIjoxODAwMDAwMDAwMDAwfX0=",
          "dependencies": [
            "azurerm_resource_group.this"
          ]
        }
      ]
    },
    {
      "module": "module.virtualnetwork_devops",
      "mode": "managed",
      "type": "random_id",
      "name": "telem",
      "provider": "provider[\"registry.terraform.io/hashicorp/random\"]",
      "instances": [
        {
          "index_key": 0,
          "schema_version": 0,
          "attributes": {
            "b64_std": "WY7k2g==",
            "b64_url": "WY7k2g",
            "byte_length": 4,
            "dec": "1502536922",
            "hex": "598ee4da",
            "id": "WY7k2g",
            "keepers": null,
            "prefix": null
          },
          "sensitive_attributes": []
        }
      ]
    },
    {
      "module": "module.virtualnetwork_hub_internet_egress",
      "mode": "managed",
      "type": "azurerm_resource_group_template_deployment",
      "name": "telemetry",
      "provider": "provider[\"registry.terraform.io/hashicorp/azurerm\"]",
      "instances": [
        {
          "index_key": 0,
          "schema_version": 0,
          "attributes": {
            "debug_level": "",
            "deployment_mode": "Incremental",
            "id": "/subscriptions/0b5b13b8-0ad7-4552-936f-8fae87e0633f/resourceGroups/gcci-platform/providers/Microsoft.Resources/deployments/46d3xgtf.res.CHANGEME.v0-0-1.4b73dabd",
            "name": "46d3xgtf.res.CHANGEME.v0-0-1.4b73dabd",
            "output_content": "{\"telemetry\":{\"type\":\"String\",\"value\":\"For more information, see https://aka.ms/avm/telemetry\"}}",
            "parameters_content": "{}",
            "resource_group_name": "gcci-platform",
            "tags": null,
            "template_content": "{\"$schema\":\"https://schema.management.azure.com/schemas/2019-04-01/deploymentTemplate.json#\",\"contentVersion\":\"1.0.0.0\",\"outputs\":{\"telemetry\":{\"type\":\"String\",\"value\":\"For more information, see https://aka.ms/avm/telemetry\"}},\"parameters\":{},\"resources\":[],\"variables\":{}}",
            "template_spec_version_id": "",
            "timeouts": null
          },
          "sensitive_attributes": [],
          "private": "eyJlMmJmYjczMC1lY2FhLTExZTYtOGY4OC0zNDM2M2JjN2M0YzAiOnsiY3JlYXRlIjoxMDgwMDAwMDAwMDAwMCwiZGVsZXRlIjoxMDgwMDAwMDAwMDAwMCwicmVhZCI6MzAwMDAwMDAwMDAwLCJ1cGRhdGUiOjEwODAwMDAwMDAwMDAwfX0=",
          "dependencies": [
            "azurerm_resource_group.this",
            "module.virtualnetwork_hub_internet_egress.random_id.telem"
          ]
        }
      ]
    },
    {
      "module": "module.virtualnetwork_hub_internet_egress",
      "mode": "managed",
      "type": "azurerm_virtual_network",
      "name": "vnet",
      "provider": "provider[\"registry.terraform.io/hashicorp/azurerm\"]",
      "instances": [
        {
          "schema_version": 0,
          "attributes": {
            "address_space": [
              "100.127.1.0/24"
            ],
            "bgp_community": "",
            "ddos_protection_plan": [],
            "dns_servers": [],
            "edge_zone": "",
            "encryption": [],
            "flow_timeout_in_minutes": 0,
            "guid": "006c10a1-8c67-48cd-860e-c644ec12f3e6",
            "id": "/subscriptions/0b5b13b8-0ad7-4552-936f-8fae87e0633f/resourceGroups/gcci-platform/providers/Microsoft.Network/virtualNetworks/gcci-vnet-egress-internet",
            "location": "southeastasia",
            "name": "gcci-vnet-egress-internet",
            "resource_group_name": "gcci-platform",
            "subnet": [],
            "tags": null,
            "timeouts": null
          },
          "sensitive_attributes": [],
          "private": "eyJlMmJmYjczMC1lY2FhLTExZTYtOGY4OC0zNDM2M2JjN2M0YzAiOnsiY3JlYXRlIjoxODAwMDAwMDAwMDAwLCJkZWxldGUiOjE4MDAwMDAwMDAwMDAsInJlYWQiOjMwMDAwMDAwMDAwMCwidXBkYXRlIjoxODAwMDAwMDAwMDAwfX0=",
          "dependencies": [
            "azurerm_resource_group.this"
          ]
        }
      ]
    },
    {
      "module": "module.virtualnetwork_hub_internet_egress",
      "mode": "managed",
      "type": "random_id",
      "name": "telem",
      "provider": "provider[\"registry.terraform.io/hashicorp/random\"]",
      "instances": [
        {
          "index_key": 0,
          "schema_version": 0,
          "attributes": {
            "b64_std": "S3PavQ==",
            "b64_url": "S3PavQ",
            "byte_length": 4,
            "dec": "1265883837",
            "hex": "4b73dabd",
            "id": "S3PavQ",
            "keepers": null,
            "prefix": null
          },
          "sensitive_attributes": []
        }
      ]
    },
    {
      "module": "module.virtualnetwork_hub_internet_ingress",
      "mode": "managed",
      "type": "azurerm_resource_group_template_deployment",
      "name": "telemetry",
      "provider": "provider[\"registry.terraform.io/hashicorp/azurerm\"]",
      "instances": [
        {
          "index_key": 0,
          "schema_version": 0,
          "attributes": {
            "debug_level": "",
            "deployment_mode": "Incremental",
            "id": "/subscriptions/0b5b13b8-0ad7-4552-936f-8fae87e0633f/resourceGroups/gcci-platform/providers/Microsoft.Resources/deployments/46d3xgtf.res.CHANGEME.v0-0-1.83bd3791",
            "name": "46d3xgtf.res.CHANGEME.v0-0-1.83bd3791",
            "output_content": "{\"telemetry\":{\"type\":\"String\",\"value\":\"For more information, see https://aka.ms/avm/telemetry\"}}",
            "parameters_content": "{}",
            "resource_group_name": "gcci-platform",
            "tags": null,
            "template_content": "{\"$schema\":\"https://schema.management.azure.com/schemas/2019-04-01/deploymentTemplate.json#\",\"contentVersion\":\"1.0.0.0\",\"outputs\":{\"telemetry\":{\"type\":\"String\",\"value\":\"For more information, see https://aka.ms/avm/telemetry\"}},\"parameters\":{},\"resources\":[],\"variables\":{}}",
            "template_spec_version_id": "",
            "timeouts": null
          },
          "sensitive_attributes": [],
          "private": "eyJlMmJmYjczMC1lY2FhLTExZTYtOGY4OC0zNDM2M2JjN2M0YzAiOnsiY3JlYXRlIjoxMDgwMDAwMDAwMDAwMCwiZGVsZXRlIjoxMDgwMDAwMDAwMDAwMCwicmVhZCI6MzAwMDAwMDAwMDAwLCJ1cGRhdGUiOjEwODAwMDAwMDAwMDAwfX0=",
          "dependencies": [
            "azurerm_resource_group.this",
            "module.virtualnetwork_hub_internet_ingress.random_id.telem"
          ]
        }
      ]
    },
    {
      "module": "module.virtualnetwork_hub_internet_ingress",
      "mode": "managed",
      "type": "azurerm_virtual_network",
      "name": "vnet",
      "provider": "provider[\"registry.terraform.io/hashicorp/azurerm\"]",
      "instances": [
        {
          "schema_version": 0,
          "attributes": {
            "address_space": [
              "100.127.0.0/24"
            ],
            "bgp_community": "",
            "ddos_protection_plan": [],
            "dns_servers": [],
            "edge_zone": "",
            "encryption": [],
            "flow_timeout_in_minutes": 0,
            "guid": "d9adbed2-8086-49b9-8d9b-865429106739",
            "id": "/subscriptions/0b5b13b8-0ad7-4552-936f-8fae87e0633f/resourceGroups/gcci-platform/providers/Microsoft.Network/virtualNetworks/gcci-vnet-ingress-internet",
            "location": "southeastasia",
            "name": "gcci-vnet-ingress-internet",
            "resource_group_name": "gcci-platform",
            "subnet": [],
            "tags": null,
            "timeouts": null
          },
          "sensitive_attributes": [],
          "private": "eyJlMmJmYjczMC1lY2FhLTExZTYtOGY4OC0zNDM2M2JjN2M0YzAiOnsiY3JlYXRlIjoxODAwMDAwMDAwMDAwLCJkZWxldGUiOjE4MDAwMDAwMDAwMDAsInJlYWQiOjMwMDAwMDAwMDAwMCwidXBkYXRlIjoxODAwMDAwMDAwMDAwfX0=",
          "dependencies": [
            "azurerm_resource_group.this"
          ]
        }
      ]
    },
    {
      "module": "module.virtualnetwork_hub_internet_ingress",
      "mode": "managed",
      "type": "random_id",
      "name": "telem",
      "provider": "provider[\"registry.terraform.io/hashicorp/random\"]",
      "instances": [
        {
          "index_key": 0,
          "schema_version": 0,
          "attributes": {
            "b64_std": "g703kQ==",
            "b64_url": "g703kQ",
            "byte_length": 4,
            "dec": "2210215825",
            "hex": "83bd3791",
            "id": "g703kQ",
            "keepers": null,
            "prefix": null
          },
          "sensitive_attributes": []
        }
      ]
    },
    {
      "module": "module.virtualnetwork_hub_intranet_egress",
      "mode": "managed",
      "type": "azurerm_resource_group_template_deployment",
      "name": "telemetry",
      "provider": "provider[\"registry.terraform.io/hashicorp/azurerm\"]",
      "instances": [
        {
          "index_key": 0,
          "schema_version": 0,
          "attributes": {
            "debug_level": "",
            "deployment_mode": "Incremental",
            "id": "/subscriptions/0b5b13b8-0ad7-4552-936f-8fae87e0633f/resourceGroups/gcci-platform/providers/Microsoft.Resources/deployments/46d3xgtf.res.CHANGEME.v0-0-1.6e2ca0c2",
            "name": "46d3xgtf.res.CHANGEME.v0-0-1.6e2ca0c2",
            "output_content": "{\"telemetry\":{\"type\":\"String\",\"value\":\"For more information, see https://aka.ms/avm/telemetry\"}}",
            "parameters_content": "{}",
            "resource_group_name": "gcci-platform",
            "tags": null,
            "template_content": "{\"$schema\":\"https://schema.management.azure.com/schemas/2019-04-01/deploymentTemplate.json#\",\"contentVersion\":\"1.0.0.0\",\"outputs\":{\"telemetry\":{\"type\":\"String\",\"value\":\"For more information, see https://aka.ms/avm/telemetry\"}},\"parameters\":{},\"resources\":[],\"variables\":{}}",
            "template_spec_version_id": "",
            "timeouts": null
          },
          "sensitive_attributes": [],
          "private": "eyJlMmJmYjczMC1lY2FhLTExZTYtOGY4OC0zNDM2M2JjN2M0YzAiOnsiY3JlYXRlIjoxMDgwMDAwMDAwMDAwMCwiZGVsZXRlIjoxMDgwMDAwMDAwMDAwMCwicmVhZCI6MzAwMDAwMDAwMDAwLCJ1cGRhdGUiOjEwODAwMDAwMDAwMDAwfX0=",
          "dependencies": [
            "azurerm_resource_group.this",
            "module.virtualnetwork_hub_intranet_egress.random_id.telem"
          ]
        }
      ]
    },
    {
      "module": "module.virtualnetwork_hub_intranet_egress",
      "mode": "managed",
      "type": "azurerm_virtual_network",
      "name": "vnet",
      "provider": "provider[\"registry.terraform.io/hashicorp/azurerm\"]",
      "instances": [
        {
          "schema_version": 0,
          "attributes": {
            "address_space": [
              "10.20.1.0/25"
            ],
            "bgp_community": "",
            "ddos_protection_plan": [],
            "dns_servers": [],
            "edge_zone": "",
            "encryption": [],
            "flow_timeout_in_minutes": 0,
            "guid": "ed1a1495-30c8-47f3-ad48-a0ec2dac5c39",
            "id": "/subscriptions/0b5b13b8-0ad7-4552-936f-8fae87e0633f/resourceGroups/gcci-platform/providers/Microsoft.Network/virtualNetworks/gcci-vnet-egress-intranet",
            "location": "southeastasia",
            "name": "gcci-vnet-egress-intranet",
            "resource_group_name": "gcci-platform",
            "subnet": [],
            "tags": null,
            "timeouts": null
          },
          "sensitive_attributes": [],
          "private": "eyJlMmJmYjczMC1lY2FhLTExZTYtOGY4OC0zNDM2M2JjN2M0YzAiOnsiY3JlYXRlIjoxODAwMDAwMDAwMDAwLCJkZWxldGUiOjE4MDAwMDAwMDAwMDAsInJlYWQiOjMwMDAwMDAwMDAwMCwidXBkYXRlIjoxODAwMDAwMDAwMDAwfX0=",
          "dependencies": [
            "azurerm_resource_group.this"
          ]
        }
      ]
    },
    {
      "module": "module.virtualnetwork_hub_intranet_egress",
      "mode": "managed",
      "type": "random_id",
      "name": "telem",
      "provider": "provider[\"registry.terraform.io/hashicorp/random\"]",
      "instances": [
        {
          "index_key": 0,
          "schema_version": 0,
          "attributes": {
            "b64_std": "biygwg==",
            "b64_url": "biygwg",
            "byte_length": 4,
            "dec": "1848418498",
            "hex": "6e2ca0c2",
            "id": "biygwg",
            "keepers": null,
            "prefix": null
          },
          "sensitive_attributes": []
        }
      ]
    },
    {
      "module": "module.virtualnetwork_hub_intranet_ingress",
      "mode": "managed",
      "type": "azurerm_resource_group_template_deployment",
      "name": "telemetry",
      "provider": "provider[\"registry.terraform.io/hashicorp/azurerm\"]",
      "instances": [
        {
          "index_key": 0,
          "schema_version": 0,
          "attributes": {
            "debug_level": "",
            "deployment_mode": "Incremental",
            "id": "/subscriptions/0b5b13b8-0ad7-4552-936f-8fae87e0633f/resourceGroups/gcci-platform/providers/Microsoft.Resources/deployments/46d3xgtf.res.CHANGEME.v0-0-1.ede840e0",
            "name": "46d3xgtf.res.CHANGEME.v0-0-1.ede840e0",
            "output_content": "{\"telemetry\":{\"type\":\"String\",\"value\":\"For more information, see https://aka.ms/avm/telemetry\"}}",
            "parameters_content": "{}",
            "resource_group_name": "gcci-platform",
            "tags": null,
            "template_content": "{\"$schema\":\"https://schema.management.azure.com/schemas/2019-04-01/deploymentTemplate.json#\",\"contentVersion\":\"1.0.0.0\",\"outputs\":{\"telemetry\":{\"type\":\"String\",\"value\":\"For more information, see https://aka.ms/avm/telemetry\"}},\"parameters\":{},\"resources\":[],\"variables\":{}}",
            "template_spec_version_id": "",
            "timeouts": null
          },
          "sensitive_attributes": [],
          "private": "eyJlMmJmYjczMC1lY2FhLTExZTYtOGY4OC0zNDM2M2JjN2M0YzAiOnsiY3JlYXRlIjoxMDgwMDAwMDAwMDAwMCwiZGVsZXRlIjoxMDgwMDAwMDAwMDAwMCwicmVhZCI6MzAwMDAwMDAwMDAwLCJ1cGRhdGUiOjEwODAwMDAwMDAwMDAwfX0=",
          "dependencies": [
            "azurerm_resource_group.this",
            "module.virtualnetwork_hub_intranet_ingress.random_id.telem"
          ]
        }
      ]
    },
    {
      "module": "module.virtualnetwork_hub_intranet_ingress",
      "mode": "managed",
      "type": "azurerm_virtual_network",
      "name": "vnet",
      "provider": "provider[\"registry.terraform.io/hashicorp/azurerm\"]",
      "instances": [
        {
          "schema_version": 0,
          "attributes": {
            "address_space": [
              "10.20.0.0/25"
            ],
            "bgp_community": "",
            "ddos_protection_plan": [],
            "dns_servers": [],
            "edge_zone": "",
            "encryption": [],
            "flow_timeout_in_minutes": 0,
            "guid": "9845cecc-a2db-4ce8-990e-170ed64bad6c",
            "id": "/subscriptions/0b5b13b8-0ad7-4552-936f-8fae87e0633f/resourceGroups/gcci-platform/providers/Microsoft.Network/virtualNetworks/gcci-vnet-ingress-intranet",
            "location": "southeastasia",
            "name": "gcci-vnet-ingress-intranet",
            "resource_group_name": "gcci-platform",
            "subnet": [],
            "tags": null,
            "timeouts": null
          },
          "sensitive_attributes": [],
          "private": "eyJlMmJmYjczMC1lY2FhLTExZTYtOGY4OC0zNDM2M2JjN2M0YzAiOnsiY3JlYXRlIjoxODAwMDAwMDAwMDAwLCJkZWxldGUiOjE4MDAwMDAwMDAwMDAsInJlYWQiOjMwMDAwMDAwMDAwMCwidXBkYXRlIjoxODAwMDAwMDAwMDAwfX0=",
          "dependencies": [
            "azurerm_resource_group.this"
          ]
        }
      ]
    },
    {
      "module": "module.virtualnetwork_hub_intranet_ingress",
      "mode": "managed",
      "type": "random_id",
      "name": "telem",
      "provider": "provider[\"registry.terraform.io/hashicorp/random\"]",
      "instances": [
        {
          "index_key": 0,
          "schema_version": 0,
          "attributes": {
            "b64_std": "7ehA4A==",
            "b64_url": "7ehA4A",
            "byte_length": 4,
            "dec": "3991421152",
            "hex": "ede840e0",
            "id": "7ehA4A",
            "keepers": null,
            "prefix": null
          },
          "sensitive_attributes": []
        }
      ]
    },
    {
      "module": "module.virtualnetwork_management",
      "mode": "managed",
      "type": "azurerm_resource_group_template_deployment",
      "name": "telemetry",
      "provider": "provider[\"registry.terraform.io/hashicorp/azurerm\"]",
      "instances": [
        {
          "index_key": 0,
          "schema_version": 0,
          "attributes": {
            "debug_level": "",
            "deployment_mode": "Incremental",
            "id": "/subscriptions/0b5b13b8-0ad7-4552-936f-8fae87e0633f/resourceGroups/gcci-platform/providers/Microsoft.Resources/deployments/46d3xgtf.res.CHANGEME.v0-0-1.4e26fc49",
            "name": "46d3xgtf.res.CHANGEME.v0-0-1.4e26fc49",
            "output_content": "{\"telemetry\":{\"type\":\"String\",\"value\":\"For more information, see https://aka.ms/avm/telemetry\"}}",
            "parameters_content": "{}",
            "resource_group_name": "gcci-platform",
            "tags": null,
            "template_content": "{\"$schema\":\"https://schema.management.azure.com/schemas/2019-04-01/deploymentTemplate.json#\",\"contentVersion\":\"1.0.0.0\",\"outputs\":{\"telemetry\":{\"type\":\"String\",\"value\":\"For more information, see https://aka.ms/avm/telemetry\"}},\"parameters\":{},\"resources\":[],\"variables\":{}}",
            "template_spec_version_id": "",
            "timeouts": null
          },
          "sensitive_attributes": [],
          "private": "eyJlMmJmYjczMC1lY2FhLTExZTYtOGY4OC0zNDM2M2JjN2M0YzAiOnsiY3JlYXRlIjoxMDgwMDAwMDAwMDAwMCwiZGVsZXRlIjoxMDgwMDAwMDAwMDAwMCwicmVhZCI6MzAwMDAwMDAwMDAwLCJ1cGRhdGUiOjEwODAwMDAwMDAwMDAwfX0=",
          "dependencies": [
            "azurerm_resource_group.this",
            "module.virtualnetwork_management.random_id.telem"
          ]
        }
      ]
    },
    {
      "module": "module.virtualnetwork_management",
      "mode": "managed",
      "type": "azurerm_virtual_network",
      "name": "vnet",
      "provider": "provider[\"registry.terraform.io/hashicorp/azurerm\"]",
      "instances": [
        {
          "schema_version": 0,
          "attributes": {
            "address_space": [
              "100.127.3.0/24"
            ],
            "bgp_community": "",
            "ddos_protection_plan": [],
            "dns_servers": [],
            "edge_zone": "",
            "encryption": [],
            "flow_timeout_in_minutes": 0,
            "guid": "bae05818-bc51-43bd-aadb-9feac140ba29",
            "id": "/subscriptions/0b5b13b8-0ad7-4552-936f-8fae87e0633f/resourceGroups/gcci-platform/providers/Microsoft.Network/virtualNetworks/gcci-vnet-management",
            "location": "southeastasia",
            "name": "gcci-vnet-management",
            "resource_group_name": "gcci-platform",
            "subnet": [],
            "tags": null,
            "timeouts": null
          },
          "sensitive_attributes": [],
          "private": "eyJlMmJmYjczMC1lY2FhLTExZTYtOGY4OC0zNDM2M2JjN2M0YzAiOnsiY3JlYXRlIjoxODAwMDAwMDAwMDAwLCJkZWxldGUiOjE4MDAwMDAwMDAwMDAsInJlYWQiOjMwMDAwMDAwMDAwMCwidXBkYXRlIjoxODAwMDAwMDAwMDAwfX0=",
          "dependencies": [
            "azurerm_resource_group.this"
          ]
        }
      ]
    },
    {
      "module": "module.virtualnetwork_management",
      "mode": "managed",
      "type": "random_id",
      "name": "telem",
      "provider": "provider[\"registry.terraform.io/hashicorp/random\"]",
      "instances": [
        {
          "index_key": 0,
          "schema_version": 0,
          "attributes": {
            "b64_std": "Tib8SQ==",
            "b64_url": "Tib8SQ",
            "byte_length": 4,
            "dec": "1311177801",
            "hex": "4e26fc49",
            "id": "Tib8SQ",
            "keepers": null,
            "prefix": null
          },
          "sensitive_attributes": []
        }
      ]
    },
    {
      "module": "module.virtualnetwork_project",
      "mode": "managed",
      "type": "azurerm_resource_group_template_deployment",
      "name": "telemetry",
      "provider": "provider[\"registry.terraform.io/hashicorp/azurerm\"]",
      "instances": [
        {
          "index_key": 0,
          "schema_version": 0,
          "attributes": {
            "debug_level": "",
            "deployment_mode": "Incremental",
            "id": "/subscriptions/0b5b13b8-0ad7-4552-936f-8fae87e0633f/resourceGroups/gcci-platform/providers/Microsoft.Resources/deployments/46d3xgtf.res.CHANGEME.v0-0-1.8a3c58d3",
            "name": "46d3xgtf.res.CHANGEME.v0-0-1.8a3c58d3",
            "output_content": "{\"telemetry\":{\"type\":\"String\",\"value\":\"For more information, see https://aka.ms/avm/telemetry\"}}",
            "parameters_content": "{}",
            "resource_group_name": "gcci-platform",
            "tags": null,
            "template_content": "{\"$schema\":\"https://schema.management.azure.com/schemas/2019-04-01/deploymentTemplate.json#\",\"contentVersion\":\"1.0.0.0\",\"outputs\":{\"telemetry\":{\"type\":\"String\",\"value\":\"For more information, see https://aka.ms/avm/telemetry\"}},\"parameters\":{},\"resources\":[],\"variables\":{}}",
            "template_spec_version_id": "",
            "timeouts": null
          },
          "sensitive_attributes": [],
          "private": "eyJlMmJmYjczMC1lY2FhLTExZTYtOGY4OC0zNDM2M2JjN2M0YzAiOnsiY3JlYXRlIjoxMDgwMDAwMDAwMDAwMCwiZGVsZXRlIjoxMDgwMDAwMDAwMDAwMCwicmVhZCI6MzAwMDAwMDAwMDAwLCJ1cGRhdGUiOjEwODAwMDAwMDAwMDAwfX0=",
          "dependencies": [
            "azurerm_resource_group.this",
            "module.virtualnetwork_project.random_id.telem"
          ]
        }
      ]
    },
    {
      "module": "module.virtualnetwork_project",
      "mode": "managed",
      "type": "azurerm_virtual_network",
      "name": "vnet",
      "provider": "provider[\"registry.terraform.io/hashicorp/azurerm\"]",
      "instances": [
        {
          "schema_version": 0,
          "attributes": {
            "address_space": [
              "100.64.0.0/23"
            ],
            "bgp_community": "",
            "ddos_protection_plan": [],
            "dns_servers": [],
            "edge_zone": "",
            "encryption": [],
            "flow_timeout_in_minutes": 0,
            "guid": "20770b55-95c7-45fa-80d5-8e6f2e2090fd",
            "id": "/subscriptions/0b5b13b8-0ad7-4552-936f-8fae87e0633f/resourceGroups/gcci-platform/providers/Microsoft.Network/virtualNetworks/gcci-vnet-project",
            "location": "southeastasia",
            "name": "gcci-vnet-project",
            "resource_group_name": "gcci-platform",
            "subnet": [],
            "tags": null,
            "timeouts": null
          },
          "sensitive_attributes": [],
          "private": "eyJlMmJmYjczMC1lY2FhLTExZTYtOGY4OC0zNDM2M2JjN2M0YzAiOnsiY3JlYXRlIjoxODAwMDAwMDAwMDAwLCJkZWxldGUiOjE4MDAwMDAwMDAwMDAsInJlYWQiOjMwMDAwMDAwMDAwMCwidXBkYXRlIjoxODAwMDAwMDAwMDAwfX0=",
          "dependencies": [
            "azurerm_resource_group.this"
          ]
        }
      ]
    },
    {
      "module": "module.virtualnetwork_project",
      "mode": "managed",
      "type": "random_id",
      "name": "telem",
      "provider": "provider[\"registry.terraform.io/hashicorp/random\"]",
      "instances": [
        {
          "index_key": 0,
          "schema_version": 0,
          "attributes": {
            "b64_std": "ijxY0w==",
            "b64_url": "ijxY0w",
            "byte_length": 4,
            "dec": "2319210707",
            "hex": "8a3c58d3",
            "id": "ijxY0w",
            "keepers": null,
            "prefix": null
          },
          "sensitive_attributes": []
        }
      ]
    }
  ],
  "check_results": [
    {
      "object_kind": "var",
      "config_addr": "module.virtualnetwork_hub_internet_egress.var.virtual_network_address_space",
      "status": "pass",
      "objects": [
        {
          "object_addr": "module.virtualnetwork_hub_internet_egress.var.virtual_network_address_space",
          "status": "pass"
        }
      ]
    },
    {
      "object_kind": "var",
      "config_addr": "module.virtualnetwork_hub_internet_ingress.var.virtual_network_address_space",
      "status": "pass",
      "objects": [
        {
          "object_addr": "module.virtualnetwork_hub_internet_ingress.var.virtual_network_address_space",
          "status": "pass"
        }
      ]
    },
    {
      "object_kind": "var",
      "config_addr": "module.virtualnetwork_hub_internet_egress.var.lock",
      "status": "unknown",
      "objects": [
        {
          "object_addr": "module.virtualnetwork_hub_internet_egress.var.lock",
          "status": "unknown"
        }
      ]
    },
    {
      "object_kind": "var",
      "config_addr": "module.virtualnetwork_project.var.virtual_network_address_space",
      "status": "pass",
      "objects": [
        {
          "object_addr": "module.virtualnetwork_project.var.virtual_network_address_space",
          "status": "pass"
        }
      ]
    },
    {
      "object_kind": "var",
      "config_addr": "module.virtualnetwork_hub_intranet_egress.var.virtual_network_address_space",
      "status": "pass",
      "objects": [
        {
          "object_addr": "module.virtualnetwork_hub_intranet_egress.var.virtual_network_address_space",
          "status": "pass"
        }
      ]
    },
    {
      "object_kind": "var",
      "config_addr": "module.virtualnetwork_hub_intranet_egress.var.diagnostic_settings",
      "status": "unknown",
      "objects": [
        {
          "object_addr": "module.virtualnetwork_hub_intranet_egress.var.diagnostic_settings",
          "status": "unknown"
        }
      ]
    },
    {
      "object_kind": "var",
      "config_addr": "module.virtualnetwork_hub_intranet_ingress.var.lock",
      "status": "unknown",
      "objects": [
        {
          "object_addr": "module.virtualnetwork_hub_intranet_ingress.var.lock",
          "status": "unknown"
        }
      ]
    },
    {
      "object_kind": "var",
      "config_addr": "module.virtualnetwork_project.var.lock",
      "status": "unknown",
      "objects": [
        {
          "object_addr": "module.virtualnetwork_project.var.lock",
          "status": "unknown"
        }
      ]
    },
    {
      "object_kind": "var",
      "config_addr": "module.log_analytics_workspace.var.sku",
      "status": "pass",
      "objects": [
        {
          "object_addr": "module.log_analytics_workspace.var.sku",
          "status": "pass"
        }
      ]
    },
    {
      "object_kind": "var",
      "config_addr": "module.virtualnetwork_hub_intranet_egress.var.lock",
      "status": "unknown",
      "objects": [
        {
          "object_addr": "module.virtualnetwork_hub_intranet_egress.var.lock",
          "status": "unknown"
        }
      ]
    },
    {
      "object_kind": "var",
      "config_addr": "module.virtualnetwork_hub_internet_ingress.var.lock",
      "status": "unknown",
      "objects": [
        {
          "object_addr": "module.virtualnetwork_hub_internet_ingress.var.lock",
          "status": "unknown"
        }
      ]
    },
    {
      "object_kind": "var",
      "config_addr": "module.virtualnetwork_hub_intranet_ingress.var.diagnostic_settings",
      "status": "unknown",
      "objects": [
        {
          "object_addr": "module.virtualnetwork_hub_intranet_ingress.var.diagnostic_settings",
          "status": "unknown"
        }
      ]
    },
    {
      "object_kind": "var",
      "config_addr": "module.virtualnetwork_devops.var.lock",
      "status": "unknown",
      "objects": [
        {
          "object_addr": "module.virtualnetwork_devops.var.lock",
          "status": "unknown"
        }
      ]
    },
    {
      "object_kind": "var",
      "config_addr": "module.virtualnetwork_management.var.virtual_network_address_space",
      "status": "pass",
      "objects": [
        {
          "object_addr": "module.virtualnetwork_management.var.virtual_network_address_space",
          "status": "pass"
        }
      ]
    },
    {
      "object_kind": "var",
      "config_addr": "module.virtualnetwork_project.var.diagnostic_settings",
      "status": "unknown",
      "objects": [
        {
          "object_addr": "module.virtualnetwork_project.var.diagnostic_settings",
          "status": "unknown"
        }
      ]
    },
    {
      "object_kind": "var",
      "config_addr": "module.virtualnetwork_hub_intranet_ingress.var.virtual_network_address_space",
      "status": "pass",
      "objects": [
        {
          "object_addr": "module.virtualnetwork_hub_intranet_ingress.var.virtual_network_address_space",
          "status": "pass"
        }
      ]
    },
    {
      "object_kind": "var",
      "config_addr": "module.virtualnetwork_hub_internet_ingress.var.diagnostic_settings",
      "status": "unknown",
      "objects": [
        {
          "object_addr": "module.virtualnetwork_hub_internet_ingress.var.diagnostic_settings",
          "status": "unknown"
        }
      ]
    },
    {
      "object_kind": "var",
      "config_addr": "module.virtualnetwork_management.var.diagnostic_settings",
      "status": "unknown",
      "objects": [
        {
          "object_addr": "module.virtualnetwork_management.var.diagnostic_settings",
          "status": "unknown"
        }
      ]
    },
    {
      "object_kind": "var",
      "config_addr": "module.virtualnetwork_hub_internet_egress.var.diagnostic_settings",
      "status": "unknown",
      "objects": [
        {
          "object_addr": "module.virtualnetwork_hub_internet_egress.var.diagnostic_settings",
          "status": "unknown"
        }
      ]
    },
    {
      "object_kind": "var",
      "config_addr": "module.virtualnetwork_devops.var.virtual_network_address_space",
      "status": "pass",
      "objects": [
        {
          "object_addr": "module.virtualnetwork_devops.var.virtual_network_address_space",
          "status": "pass"
        }
      ]
    },
    {
      "object_kind": "var",
      "config_addr": "module.virtualnetwork_management.var.lock",
      "status": "unknown",
      "objects": [
        {
          "object_addr": "module.virtualnetwork_management.var.lock",
          "status": "unknown"
        }
      ]
    },
    {
      "object_kind": "var",
      "config_addr": "module.virtualnetwork_devops.var.diagnostic_settings",
      "status": "unknown",
      "objects": [
        {
          "object_addr": "module.virtualnetwork_devops.var.diagnostic_settings",
          "status": "unknown"
        }
      ]
    }
  ]
}
